
Microsoft Visual Studio Solution File, Format Version 12.00
# Visual Studio Version 17
VisualStudioVersion = 17.5.33530.505
MinimumVisualStudioVersion = 10.0.40219.1
Project("{FAE04EC0-301F-11D3-BF4B-00C04F79EFBC}") = "SendMailProject", "SendMailProject\SendMailProject.csproj", "{1CF2CBB2-F6BE-4E17-9CF4-4D825A733931}"
EndProject
Global
	GlobalSection(SolutionConfigurationPlatforms) = preSolution
		Debug|Any CPU = Debug|Any CPU
		Release|Any CPU = Release|Any CPU
	EndGlobalSection
	GlobalSection(ProjectConfigurationPlatforms) = postSolution
		{1CF2CBB2-F6BE-4E17-9CF4-4D825A733931}.Debug|Any CPU.ActiveCfg = Debug|Any CPU
		{1CF2CBB2-F6BE-4E17-9CF4-4D825A733931}.Debug|Any CPU.Build.0 = Debug|Any CPU
		{1CF2CBB2-F6BE-4E17-9CF4-4D825A733931}.Release|Any CPU.ActiveCfg = Release|Any CPU
		{1CF2CBB2-F6BE-4E17-9CF4-4D825A733931}.Release|Any CPU.Build.0 = Release|Any CPU
	EndGlobalSection
	GlobalSection(SolutionProperties) = preSolution
		HideSolutionNode = FALSE
	EndGlobalSection
	GlobalSection(ExtensibilityGlobals) = postSolution
		SolutionGuid = {B727E709-CD11-4564-8B90-AC5BD8EEF93E}
	EndGlobalSection
EndGlobal
